
Microsoft Visual Studio Solution File, Format Version 12.00
# Visual Studio Version 17
VisualStudioVersion = 17.3.32922.545
MinimumVisualStudioVersion = 10.0.40219.1
Project("{FAE04EC0-301F-11D3-BF4B-00C04F79EFBC}") = "BasicStackOperations", "BasicStackOperations\BasicStackOperations.csproj", "{A26811B7-2076-47C0-B8A1-56D5A8F5DFE2}"
EndProject
Project("{FAE04EC0-301F-11D3-BF4B-00C04F79EFBC}") = "BasicQueueOperations", "BasicQueueOperations\BasicQueueOperations.csproj", "{7B09EB89-55E9-4F84-B5F4-216262980D16}"
EndProject
Project("{FAE04EC0-301F-11D3-BF4B-00C04F79EFBC}") = "MaximumAndMinimumElement", "MaximumAndMinimumElement\MaximumAndMinimumElement.csproj", "{80248E0B-036B-4D19-9824-7F671D61CB5A}"
EndProject
Project("{FAE04EC0-301F-11D3-BF4B-00C04F79EFBC}") = "FastFood", "FastFood\FastFood.csproj", "{665061EB-ADB3-47ED-83EC-9DD3677686B7}"
EndProject
Project("{FAE04EC0-301F-11D3-BF4B-00C04F79EFBC}") = "FashionBoutique", "FashionBoutique\FashionBoutique.csproj", "{DF3E7D5C-F496-4FAF-8C39-821CAF7603FA}"
EndProject
Global
	GlobalSection(SolutionConfigurationPlatforms) = preSolution
		Debug|Any CPU = Debug|Any CPU
		Release|Any CPU = Release|Any CPU
	EndGlobalSection
	GlobalSection(ProjectConfigurationPlatforms) = postSolution
		{A26811B7-2076-47C0-B8A1-56D5A8F5DFE2}.Debug|Any CPU.ActiveCfg = Debug|Any CPU
		{A26811B7-2076-47C0-B8A1-56D5A8F5DFE2}.Debug|Any CPU.Build.0 = Debug|Any CPU
		{A26811B7-2076-47C0-B8A1-56D5A8F5DFE2}.Release|Any CPU.ActiveCfg = Release|Any CPU
		{A26811B7-2076-47C0-B8A1-56D5A8F5DFE2}.Release|Any CPU.Build.0 = Release|Any CPU
		{7B09EB89-55E9-4F84-B5F4-216262980D16}.Debug|Any CPU.ActiveCfg = Debug|Any CPU
		{7B09EB89-55E9-4F84-B5F4-216262980D16}.Debug|Any CPU.Build.0 = Debug|Any CPU
		{7B09EB89-55E9-4F84-B5F4-216262980D16}.Release|Any CPU.ActiveCfg = Release|Any CPU
		{7B09EB89-55E9-4F84-B5F4-216262980D16}.Release|Any CPU.Build.0 = Release|Any CPU
		{80248E0B-036B-4D19-9824-7F671D61CB5A}.Debug|Any CPU.ActiveCfg = Debug|Any CPU
		{80248E0B-036B-4D19-9824-7F671D61CB5A}.Debug|Any CPU.Build.0 = Debug|Any CPU
		{80248E0B-036B-4D19-9824-7F671D61CB5A}.Release|Any CPU.ActiveCfg = Release|Any CPU
		{80248E0B-036B-4D19-9824-7F671D61CB5A}.Release|Any CPU.Build.0 = Release|Any CPU
		{665061EB-ADB3-47ED-83EC-9DD3677686B7}.Debug|Any CPU.ActiveCfg = Debug|Any CPU
		{665061EB-ADB3-47ED-83EC-9DD3677686B7}.Debug|Any CPU.Build.0 = Debug|Any CPU
		{665061EB-ADB3-47ED-83EC-9DD3677686B7}.Release|Any CPU.ActiveCfg = Release|Any CPU
		{665061EB-ADB3-47ED-83EC-9DD3677686B7}.Release|Any CPU.Build.0 = Release|Any CPU
		{DF3E7D5C-F496-4FAF-8C39-821CAF7603FA}.Debug|Any CPU.ActiveCfg = Debug|Any CPU
		{DF3E7D5C-F496-4FAF-8C39-821CAF7603FA}.Debug|Any CPU.Build.0 = Debug|Any CPU
		{DF3E7D5C-F496-4FAF-8C39-821CAF7603FA}.Release|Any CPU.ActiveCfg = Release|Any CPU
		{DF3E7D5C-F496-4FAF-8C39-821CAF7603FA}.Release|Any CPU.Build.0 = Release|Any CPU
	EndGlobalSection
	GlobalSection(SolutionProperties) = preSolution
		HideSolutionNode = FALSE
	EndGlobalSection
	GlobalSection(ExtensibilityGlobals) = postSolution
		SolutionGuid = {6DECDC7B-CA1A-44DC-A81C-DC55D4ABDB4F}
	EndGlobalSection
EndGlobal
